fyne.io/fyne/v2 v2.5.2 h1:eSyGTmSkv10yAdAeHpDet6u2KkKxOGFc14kQu81We7Q=
fyne.io/fyne/v2 v2.5.2/go.mod h1:26gqPDvtaxHeyct+C0BBjuGd2zwAJlPkUGSBrb+d7Ug=
github.com/progrium/darwinkit v0.5.0 h1:SwchcMbTOG1py3CQsINmGlsRmYKdlFrbnv3dE4aXA0s=
github.com/progrium/darwinkit v0.5.0/go.mod h1:PxQhZuftnALLkCVaR8LaHtUOfoo4pm8qUDG+3C/sXNs=
